
Microsoft Visual Studio Solution File, Format Version 12.00
# Visual Studio Version 17
VisualStudioVersion = 17.8.34309.116
MinimumVisualStudioVersion = 10.0.40219.1
Project("{FAE04EC0-301F-11D3-BF4B-00C04F79EFBC}") = "Robot", "Robot.csproj", "{86C28FDF-2CEA-41CF-B246-9B28F80E92D1}"
EndProject
Global
	GlobalSection(SolutionConfigurationPlatforms) = preSolution
		Debug|Any CPU = Debug|Any CPU
		Release|Any CPU = Release|Any CPU
	EndGlobalSection
	GlobalSection(ProjectConfigurationPlatforms) = postSolution
		{86C28FDF-2CEA-41CF-B246-9B28F80E92D1}.Debug|Any CPU.ActiveCfg = Debug|Any CPU
		{86C28FDF-2CEA-41CF-B246-9B28F80E92D1}.Debug|Any CPU.Build.0 = Debug|Any CPU
		{86C28FDF-2CEA-41CF-B246-9B28F80E92D1}.Release|Any CPU.ActiveCfg = Release|Any CPU
		{86C28FDF-2CEA-41CF-B246-9B28F80E92D1}.Release|Any CPU.Build.0 = Release|Any CPU
	EndGlobalSection
	GlobalSection(SolutionProperties) = preSolution
		HideSolutionNode = FALSE
	EndGlobalSection
	GlobalSection(ExtensibilityGlobals) = postSolution
		SolutionGuid = {D8A9194A-927B-46BB-A9A9-85D36437E63D}
	EndGlobalSection
EndGlobal
